
Microsoft Visual Studio Solution File, Format Version 12.00
# Visual Studio Version 16
VisualStudioVersion = 16.0.31605.320
MinimumVisualStudioVersion = 10.0.40219.1
Project("{FAE04EC0-301F-11D3-BF4B-00C04F79EFBC}") = "FlightsEntityFramework", "FlightsEntityFramework\FlightsEntityFramework.csproj", "{671E83CB-0250-473A-BBBA-5EE83352215D}"
EndProject
Project("{FAE04EC0-301F-11D3-BF4B-00C04F79EFBC}") = "DataAccess", "DataAccess\DataAccess.csproj", "{BABA8E5F-64E1-452B-A969-D2FF92002446}"
EndProject
Global
	GlobalSection(SolutionConfigurationPlatforms) = preSolution
		Debug|Any CPU = Debug|Any CPU
		Release|Any CPU = Release|Any CPU
	EndGlobalSection
	GlobalSection(ProjectConfigurationPlatforms) = postSolution
		{671E83CB-0250-473A-BBBA-5EE83352215D}.Debug|Any CPU.ActiveCfg = Debug|Any CPU
		{671E83CB-0250-473A-BBBA-5EE83352215D}.Debug|Any CPU.Build.0 = Debug|Any CPU
		{671E83CB-0250-473A-BBBA-5EE83352215D}.Release|Any CPU.ActiveCfg = Release|Any CPU
		{671E83CB-0250-473A-BBBA-5EE83352215D}.Release|Any CPU.Build.0 = Release|Any CPU
		{BABA8E5F-64E1-452B-A969-D2FF92002446}.Debug|Any CPU.ActiveCfg = Debug|Any CPU
		{BABA8E5F-64E1-452B-A969-D2FF92002446}.Debug|Any CPU.Build.0 = Debug|Any CPU
		{BABA8E5F-64E1-452B-A969-D2FF92002446}.Release|Any CPU.ActiveCfg = Release|Any CPU
		{BABA8E5F-64E1-452B-A969-D2FF92002446}.Release|Any CPU.Build.0 = Release|Any CPU
	EndGlobalSection
	GlobalSection(SolutionProperties) = preSolution
		HideSolutionNode = FALSE
	EndGlobalSection
	GlobalSection(ExtensibilityGlobals) = postSolution
		SolutionGuid = {D87A570B-31D9-435E-A4CE-0697E60D5C6E}
	EndGlobalSection
EndGlobal
